
Microsoft Visual Studio Solution File, Format Version 12.00
# Visual Studio Version 17
VisualStudioVersion = 17.10.35122.118
MinimumVisualStudioVersion = 10.0.40219.1
Project("{9A19103F-16F7-4668-BE54-9A1E7A4F7556}") = "DeliveryProject", "DeliveryOrders\DeliveryProject.csproj", "{26793484-FCE9-418B-9033-B0AB892D3161}"
EndProject
Project("{E53339B2-1760-4266-BCC7-CA923CBCF16C}") = "docker-compose", "docker-compose.dcproj", "{AFF1AC25-FBEC-4134-ADD8-C399A66C7EF5}"
EndProject
Global
	GlobalSection(SolutionConfigurationPlatforms) = preSolution
		Debug|Any CPU = Debug|Any CPU
		Release|Any CPU = Release|Any CPU
	EndGlobalSection
	GlobalSection(ProjectConfigurationPlatforms) = postSolution
		{26793484-FCE9-418B-9033-B0AB892D3161}.Debug|Any CPU.ActiveCfg = Debug|Any CPU
		{26793484-FCE9-418B-9033-B0AB892D3161}.Debug|Any CPU.Build.0 = Debug|Any CPU
		{26793484-FCE9-418B-9033-B0AB892D3161}.Release|Any CPU.ActiveCfg = Release|Any CPU
		{26793484-FCE9-418B-9033-B0AB892D3161}.Release|Any CPU.Build.0 = Release|Any CPU
		{AFF1AC25-FBEC-4134-ADD8-C399A66C7EF5}.Debug|Any CPU.ActiveCfg = Debug|Any CPU
		{AFF1AC25-FBEC-4134-ADD8-C399A66C7EF5}.Debug|Any CPU.Build.0 = Debug|Any CPU
		{AFF1AC25-FBEC-4134-ADD8-C399A66C7EF5}.Release|Any CPU.ActiveCfg = Release|Any CPU
		{AFF1AC25-FBEC-4134-ADD8-C399A66C7EF5}.Release|Any CPU.Build.0 = Release|Any CPU
	EndGlobalSection
	GlobalSection(SolutionProperties) = preSolution
		HideSolutionNode = FALSE
	EndGlobalSection
	GlobalSection(ExtensibilityGlobals) = postSolution
		SolutionGuid = {A8317F12-538B-4668-B328-2D05B6545932}
	EndGlobalSection
EndGlobal
